// !$*UTF8*$!
{
	archiveVersion = 1;
	classes = {
	};
	objectVersion = 51;
	objects = {

/* Begin PBXBuildFile section */
		701F5C3925440AFD0050EFEB /* UploadTweetController.swift in Sources */ = {isa = PBXBuildFile; fileRef = 701F5C3825440AFD0050EFEB /* UploadTweetController.swift */; };
		701F5C3C254412ED0050EFEB /* CaptionTextView.swift in Sources */ = {isa = PBXBuildFile; fileRef = 701F5C3B254412ED0050EFEB /* CaptionTextView.swift */; };
		701F5C3F25441D0D0050EFEB /* TweetService.swift in Sources */ = {isa = PBXBuildFile; fileRef = 701F5C3E25441D0D0050EFEB /* TweetService.swift */; };
		701F5C422544349B0050EFEB /* TweetModel.swift in Sources */ = {isa = PBXBuildFile; fileRef = 701F5C412544349B0050EFEB /* TweetModel.swift */; };
		701F5C4525443C460050EFEB /* TweetCell.swift in Sources */ = {isa = PBXBuildFile; fileRef = 701F5C4425443C460050EFEB /* TweetCell.swift */; };
		702D310325434FDE006A4655 /* AuthService.swift in Sources */ = {isa = PBXBuildFile; fileRef = 702D310225434FDE006A4655 /* AuthService.swift */; };
		703BFD4F2541BDC400346F82 /* RegistrationController.swift in Sources */ = {isa = PBXBuildFile; fileRef = 703BFD4E2541BDC400346F82 /* RegistrationController.swift */; };
		704EFDE625445E0800B1789F /* TimeAgo.swift in Sources */ = {isa = PBXBuildFile; fileRef = 704EFDE525445E0800B1789F /* TimeAgo.swift */; };
		706B6BDE2543E9B300FEAEEA /* UserService.swift in Sources */ = {isa = PBXBuildFile; fileRef = 706B6BDD2543E9B300FEAEEA /* UserService.swift */; };
		706B6BE22543EB0B00FEAEEA /* UserModel.swift in Sources */ = {isa = PBXBuildFile; fileRef = 706B6BE12543EB0B00FEAEEA /* UserModel.swift */; };
		709409E62540788A002EFC40 /* LoginController.swift in Sources */ = {isa = PBXBuildFile; fileRef = 709409E52540788A002EFC40 /* LoginController.swift */; };
		70B4F92525446D85005CE631 /* ProfileController.swift in Sources */ = {isa = PBXBuildFile; fileRef = 70B4F92425446D85005CE631 /* ProfileController.swift */; };
		70B4F92825447005005CE631 /* ProfileHeaderView.swift in Sources */ = {isa = PBXBuildFile; fileRef = 70B4F92725447005005CE631 /* ProfileHeaderView.swift */; };
		70FC4152253F32F8000FC661 /* AppDelegate.swift in Sources */ = {isa = PBXBuildFile; fileRef = 70FC4151253F32F8000FC661 /* AppDelegate.swift */; };
		70FC4154253F32F8000FC661 /* SceneDelegate.swift in Sources */ = {isa = PBXBuildFile; fileRef = 70FC4153253F32F8000FC661 /* SceneDelegate.swift */; };
		70FC4156253F32F8000FC661 /* ViewController.swift in Sources */ = {isa = PBXBuildFile; fileRef = 70FC4155253F32F8000FC661 /* ViewController.swift */; };
		70FC4159253F32F8000FC661 /* Main.storyboard in Resources */ = {isa = PBXBuildFile; fileRef = 70FC4157253F32F8000FC661 /* Main.storyboard */; };
		70FC415B253F32FB000FC661 /* Assets.xcassets in Resources */ = {isa = PBXBuildFile; fileRef = 70FC415A253F32FB000FC661 /* Assets.xcassets */; };
		70FC415E253F32FB000FC661 /* LaunchScreen.storyboard in Resources */ = {isa = PBXBuildFile; fileRef = 70FC415C253F32FB000FC661 /* LaunchScreen.storyboard */; };
		70FC416C253F3406000FC661 /* MainTabController.swift in Sources */ = {isa = PBXBuildFile; fileRef = 70FC416B253F3406000FC661 /* MainTabController.swift */; };
		70FC4170253F34FF000FC661 /* FeedController.swift in Sources */ = {isa = PBXBuildFile; fileRef = 70FC416F253F34FF000FC661 /* FeedController.swift */; };
		70FC4173253F3533000FC661 /* ExploreController.swift in Sources */ = {isa = PBXBuildFile; fileRef = 70FC4172253F3533000FC661 /* ExploreController.swift */; };
		70FC4176253F3545000FC661 /* ConversationsController.swift in Sources */ = {isa = PBXBuildFile; fileRef = 70FC4175253F3545000FC661 /* ConversationsController.swift */; };
		70FC4179253F355B000FC661 /* NotificationsController.swift in Sources */ = {isa = PBXBuildFile; fileRef = 70FC4178253F355B000FC661 /* NotificationsController.swift */; };
		70FC417D253F3FB1000FC661 /* Extensions.swift in Sources */ = {isa = PBXBuildFile; fileRef = 70FC417C253F3FB1000FC661 /* Extensions.swift */; };
		70FCF1172541DFD6008344F4 /* GoogleService-Info.plist in Resources */ = {isa = PBXBuildFile; fileRef = 70FCF1162541DFD6008344F4 /* GoogleService-Info.plist */; };
		E8824FF96C38F2B5AEF1B671 /* Pods_TwitterClone.framework in Frameworks */ = {isa = PBXBuildFile; fileRef = 90E942C9092C8D2CC51A5AA1 /* Pods_TwitterClone.framework */; };
/* End PBXBuildFile section */

/* Begin PBXFileReference section */
		5D33D51F296CB2AEB7F5389B /* Pods-TwitterClone.debug.xcconfig */ = {isa = PBXFileReference; includeInIndex = 1; lastKnownFileType = text.xcconfig; name = "Pods-TwitterClone.debug.xcconfig"; path = "Target Support Files/Pods-TwitterClone/Pods-TwitterClone.debug.xcconfig"; sourceTree = "<group>"; };
		701F5C3825440AFD0050EFEB /* UploadTweetController.swift */ = {isa = PBXFileReference; lastKnownFileType = sourcecode.swift; path = UploadTweetController.swift; sourceTree = "<group>"; };
		701F5C3B254412ED0050EFEB /* CaptionTextView.swift */ = {isa = PBXFileReference; lastKnownFileType = sourcecode.swift; path = CaptionTextView.swift; sourceTree = "<group>"; };
		701F5C3E25441D0D0050EFEB /* TweetService.swift */ = {isa = PBXFileReference; lastKnownFileType = sourcecode.swift; path = TweetService.swift; sourceTree = "<group>"; };
		701F5C412544349B0050EFEB /* TweetModel.swift */ = {isa = PBXFileReference; lastKnownFileType = sourcecode.swift; path = TweetModel.swift; sourceTree = "<group>"; };
		701F5C4425443C460050EFEB /* TweetCell.swift */ = {isa = PBXFileReference; lastKnownFileType = sourcecode.swift; path = TweetCell.swift; sourceTree = "<group>"; };
		702D310225434FDE006A4655 /* AuthService.swift */ = {isa = PBXFileReference; lastKnownFileType = sourcecode.swift; path = AuthService.swift; sourceTree = "<group>"; };
		703BFD4E2541BDC400346F82 /* RegistrationController.swift */ = {isa = PBXFileReference; lastKnownFileType = sourcecode.swift; path = RegistrationController.swift; sourceTree = "<group>"; };
		704EFDE525445E0800B1789F /* TimeAgo.swift */ = {isa = PBXFileReference; lastKnownFileType = sourcecode.swift; path = TimeAgo.swift; sourceTree = "<group>"; };
		706B6BDD2543E9B300FEAEEA /* UserService.swift */ = {isa = PBXFileReference; lastKnownFileType = sourcecode.swift; path = UserService.swift; sourceTree = "<group>"; };
		706B6BE12543EB0B00FEAEEA /* UserModel.swift */ = {isa = PBXFileReference; lastKnownFileType = sourcecode.swift; path = UserModel.swift; sourceTree = "<group>"; };
		709409E52540788A002EFC40 /* LoginController.swift */ = {isa = PBXFileReference; lastKnownFileType = sourcecode.swift; path = LoginController.swift; sourceTree = "<group>"; };
		70B4F92425446D85005CE631 /* ProfileController.swift */ = {isa = PBXFileReference; lastKnownFileType = sourcecode.swift; path = ProfileController.swift; sourceTree = "<group>"; };
		70B4F92725447005005CE631 /* ProfileHeaderView.swift */ = {isa = PBXFileReference; lastKnownFileType = sourcecode.swift; path = ProfileHeaderView.swift; sourceTree = "<group>"; };
		70FC414E253F32F8000FC661 /* TwitterClone.app */ = {isa = PBXFileReference; explicitFileType = wrapper.application; includeInIndex = 0; path = TwitterClone.app; sourceTree = BUILT_PRODUCTS_DIR; };
		70FC4151253F32F8000FC661 /* AppDelegate.swift */ = {isa = PBXFileReference; lastKnownFileType = sourcecode.swift; path = AppDelegate.swift; sourceTree = "<group>"; };
		70FC4153253F32F8000FC661 /* SceneDelegate.swift */ = {isa = PBXFileReference; lastKnownFileType = sourcecode.swift; path = SceneDelegate.swift; sourceTree = "<group>"; };
		70FC4155253F32F8000FC661 /* ViewController.swift */ = {isa = PBXFileReference; lastKnownFileType = sourcecode.swift; path = ViewController.swift; sourceTree = "<group>"; };
		70FC4158253F32F8000FC661 /* Base */ = {isa = PBXFileReference; lastKnownFileType = file.storyboard; name = Base; path = Base.lproj/Main.storyboard; sourceTree = "<group>"; };
		70FC415A253F32FB000FC661 /* Assets.xcassets */ = {isa = PBXFileReference; lastKnownFileType = folder.assetcatalog; path = Assets.xcassets; sourceTree = "<group>"; };
		70FC415D253F32FB000FC661 /* Base */ = {isa = PBXFileReference; lastKnownFileType = file.storyboard; name = Base; path = Base.lproj/LaunchScreen.storyboard; sourceTree = "<group>"; };
		70FC415F253F32FB000FC661 /* Info.plist */ = {isa = PBXFileReference; lastKnownFileType = text.plist.xml; path = Info.plist; sourceTree = "<group>"; };
		70FC416B253F3406000FC661 /* MainTabController.swift */ = {isa = PBXFileReference; lastKnownFileType = sourcecode.swift; path = MainTabController.swift; sourceTree = "<group>"; };
		70FC416F253F34FF000FC661 /* FeedController.swift */ = {isa = PBXFileReference; lastKnownFileType = sourcecode.swift; path = FeedController.swift; sourceTree = "<group>"; };
		70FC4172253F3533000FC661 /* ExploreController.swift */ = {isa = PBXFileReference; lastKnownFileType = sourcecode.swift; path = ExploreController.swift; sourceTree = "<group>"; };
		70FC4175253F3545000FC661 /* ConversationsController.swift */ = {isa = PBXFileReference; lastKnownFileType = sourcecode.swift; path = ConversationsController.swift; sourceTree = "<group>"; };
		70FC4178253F355B000FC661 /* NotificationsController.swift */ = {isa = PBXFileReference; lastKnownFileType = sourcecode.swift; path = NotificationsController.swift; sourceTree = "<group>"; };
		70FC417C253F3FB1000FC661 /* Extensions.swift */ = {isa = PBXFileReference; lastKnownFileType = sourcecode.swift; path = Extensions.swift; sourceTree = "<group>"; };
		70FCF1162541DFD6008344F4 /* GoogleService-Info.plist */ = {isa = PBXFileReference; fileEncoding = 4; lastKnownFileType = text.plist.xml; path = "GoogleService-Info.plist"; sourceTree = "<group>"; };
		86231B4C6D39A7ABB9034DED /* Pods-TwitterClone.release.xcconfig */ = {isa = PBXFileReference; includeInIndex = 1; lastKnownFileType = text.xcconfig; name = "Pods-TwitterClone.release.xcconfig"; path = "Target Support Files/Pods-TwitterClone/Pods-TwitterClone.release.xcconfig"; sourceTree = "<group>"; };
		90E942C9092C8D2CC51A5AA1 /* Pods_TwitterClone.framework */ = {isa = PBXFileReference; explicitFileType = wrapper.framework; includeInIndex = 0; path = Pods_TwitterClone.framework; sourceTree = BUILT_PRODUCTS_DIR; };
/* End PBXFileReference section */

/* Begin PBXFrameworksBuildPhase section */
		70FC414B253F32F8000FC661 /* Frameworks */ = {
			isa = PBXFrameworksBuildPhase;
			buildActionMask = 2147483647;
			files = (
				E8824FF96C38F2B5AEF1B671 /* Pods_TwitterClone.framework in Frameworks */,
			);
			runOnlyForDeploymentPostprocessing = 0;
		};
/* End PBXFrameworksBuildPhase section */

/* Begin PBXGroup section */
		25A6D8EE01931CC5AB148D2B /* Pods */ = {
			isa = PBXGroup;
			children = (
				5D33D51F296CB2AEB7F5389B /* Pods-TwitterClone.debug.xcconfig */,
				86231B4C6D39A7ABB9034DED /* Pods-TwitterClone.release.xcconfig */,
			);
			path = Pods;
			sourceTree = "<group>";
		};
		706B6BE02543EB0200FEAEEA /* Model */ = {
			isa = PBXGroup;
			children = (
				706B6BE12543EB0B00FEAEEA /* UserModel.swift */,
				701F5C412544349B0050EFEB /* TweetModel.swift */,
			);
			path = Model;
			sourceTree = "<group>";
		};
		709409E42540786F002EFC40 /* Authentications */ = {
			isa = PBXGroup;
			children = (
				709409E52540788A002EFC40 /* LoginController.swift */,
				703BFD4E2541BDC400346F82 /* RegistrationController.swift */,
			);
			path = Authentications;
			sourceTree = "<group>";
		};
		70FC4145253F32F8000FC661 = {
			isa = PBXGroup;
			children = (
				70FC4150253F32F8000FC661 /* TwitterClone */,
				70FC414F253F32F8000FC661 /* Products */,
				25A6D8EE01931CC5AB148D2B /* Pods */,
				78B04018AE0877B1838DE726 /* Frameworks */,
			);
			sourceTree = "<group>";
		};
		70FC414F253F32F8000FC661 /* Products */ = {
			isa = PBXGroup;
			children = (
				70FC414E253F32F8000FC661 /* TwitterClone.app */,
			);
			name = Products;
			sourceTree = "<group>";
		};
		70FC4150253F32F8000FC661 /* TwitterClone */ = {
			isa = PBXGroup;
			children = (
				706B6BE02543EB0200FEAEEA /* Model */,
				70FC416A253F3387000FC661 /* Utils */,
				70FC4169253F3383000FC661 /* API */,
				70FC4168253F337E000FC661 /* ViewModel */,
				70FC4167253F331A000FC661 /* Controller */,
				70FC4166253F3314000FC661 /* View */,
				70FC4151253F32F8000FC661 /* AppDelegate.swift */,
				70FC4153253F32F8000FC661 /* SceneDelegate.swift */,
				70FC4155253F32F8000FC661 /* ViewController.swift */,
				70FC4157253F32F8000FC661 /* Main.storyboard */,
				70FC415A253F32FB000FC661 /* Assets.xcassets */,
				70FC415C253F32FB000FC661 /* LaunchScreen.storyboard */,
				70FC415F253F32FB000FC661 /* Info.plist */,
				70FCF1162541DFD6008344F4 /* GoogleService-Info.plist */,
			);
			path = TwitterClone;
			sourceTree = "<group>";
		};
		70FC4166253F3314000FC661 /* View */ = {
			isa = PBXGroup;
			children = (
				701F5C3B254412ED0050EFEB /* CaptionTextView.swift */,
				701F5C4425443C460050EFEB /* TweetCell.swift */,
				70B4F92725447005005CE631 /* ProfileHeaderView.swift */,
			);
			path = View;
			sourceTree = "<group>";
		};
		70FC4167253F331A000FC661 /* Controller */ = {
			isa = PBXGroup;
			children = (
				709409E42540786F002EFC40 /* Authentications */,
				70FC416B253F3406000FC661 /* MainTabController.swift */,
				70FC416F253F34FF000FC661 /* FeedController.swift */,
				70FC4172253F3533000FC661 /* ExploreController.swift */,
				70FC4175253F3545000FC661 /* ConversationsController.swift */,
				70FC4178253F355B000FC661 /* NotificationsController.swift */,
				701F5C3825440AFD0050EFEB /* UploadTweetController.swift */,
				70B4F92425446D85005CE631 /* ProfileController.swift */,
			);
			path = Controller;
			sourceTree = "<group>";
		};
		70FC4168253F337E000FC661 /* ViewModel */ = {
			isa = PBXGroup;
			children = (
			);
			path = ViewModel;
			sourceTree = "<group>";
		};
		70FC4169253F3383000FC661 /* API */ = {
			isa = PBXGroup;
			children = (
				702D310225434FDE006A4655 /* AuthService.swift */,
				706B6BDD2543E9B300FEAEEA /* UserService.swift */,
				701F5C3E25441D0D0050EFEB /* TweetService.swift */,
			);
			path = API;
			sourceTree = "<group>";
		};
		70FC416A253F3387000FC661 /* Utils */ = {
			isa = PBXGroup;
			children = (
				70FC417C253F3FB1000FC661 /* Extensions.swift */,
				704EFDE525445E0800B1789F /* TimeAgo.swift */,
			);
			path = Utils;
			sourceTree = "<group>";
		};
		78B04018AE0877B1838DE726 /* Frameworks */ = {
			isa = PBXGroup;
			children = (
				90E942C9092C8D2CC51A5AA1 /* Pods_TwitterClone.framework */,
			);
			name = Frameworks;
			sourceTree = "<group>";
		};
/* End PBXGroup section */

/* Begin PBXNativeTarget section */
		70FC414D253F32F8000FC661 /* TwitterClone */ = {
			isa = PBXNativeTarget;
			buildConfigurationList = 70FC4162253F32FB000FC661 /* Build configuration list for PBXNativeTarget "TwitterClone" */;
			buildPhases = (
				2173CC567D29C7FB90E33F6B /* [CP] Check Pods Manifest.lock */,
				70FC414A253F32F8000FC661 /* Sources */,
				70FC414B253F32F8000FC661 /* Frameworks */,
				70FC414C253F32F8000FC661 /* Resources */,
				05378AC549AA18856DD73743 /* [CP] Embed Pods Frameworks */,
			);
			buildRules = (
			);
			dependencies = (
			);
			name = TwitterClone;
			productName = TwitterClone;
			productReference = 70FC414E253F32F8000FC661 /* TwitterClone.app */;
			productType = "com.apple.product-type.application";
		};
/* End PBXNativeTarget section */

/* Begin PBXProject section */
		70FC4146253F32F8000FC661 /* Project object */ = {
			isa = PBXProject;
			attributes = {
				LastSwiftUpdateCheck = 1200;
				LastUpgradeCheck = 1200;
				TargetAttributes = {
					70FC414D253F32F8000FC661 = {
						CreatedOnToolsVersion = 12.0.1;
					};
				};
			};
			buildConfigurationList = 70FC4149253F32F8000FC661 /* Build configuration list for PBXProject "TwitterClone" */;
			compatibilityVersion = "Xcode 9.3";
			developmentRegion = en;
			hasScannedForEncodings = 0;
			knownRegions = (
				en,
				Base,
			);
			mainGroup = 70FC4145253F32F8000FC661;
			productRefGroup = 70FC414F253F32F8000FC661 /* Products */;
			projectDirPath = "";
			projectRoot = "";
			targets = (
				70FC414D253F32F8000FC661 /* TwitterClone */,
			);
		};
/* End PBXProject section */

/* Begin PBXResourcesBuildPhase section */
		70FC414C253F32F8000FC661 /* Resources */ = {
			isa = PBXResourcesBuildPhase;
			buildActionMask = 2147483647;
			files = (
				70FC415E253F32FB000FC661 /* LaunchScreen.storyboard in Resources */,
				70FCF1172541DFD6008344F4 /* GoogleService-Info.plist in Resources */,
				70FC415B253F32FB000FC661 /* Assets.xcassets in Resources */,
				70FC4159253F32F8000FC661 /* Main.storyboard in Resources */,
			);
			runOnlyForDeploymentPostprocessing = 0;
		};
/* End PBXResourcesBuildPhase section */

/* Begin PBXShellScriptBuildPhase section */
		05378AC549AA18856DD73743 /* [CP] Embed Pods Frameworks */ = {
			isa = PBXShellScriptBuildPhase;
			buildActionMask = 2147483647;
			files = (
			);
			inputFileListPaths = (
				"${PODS_ROOT}/Target Support Files/Pods-TwitterClone/Pods-TwitterClone-frameworks-${CONFIGURATION}-input-files.xcfilelist",
			);
			name = "[CP] Embed Pods Frameworks";
			outputFileListPaths = (
				"${PODS_ROOT}/Target Support Files/Pods-TwitterClone/Pods-TwitterClone-frameworks-${CONFIGURATION}-output-files.xcfilelist",
			);
			runOnlyForDeploymentPostprocessing = 0;
			shellPath = /bin/sh;
			shellScript = "\"${PODS_ROOT}/Target Support Files/Pods-TwitterClone/Pods-TwitterClone-frameworks.sh\"\n";
			showEnvVarsInLog = 0;
		};
		2173CC567D29C7FB90E33F6B /* [CP] Check Pods Manifest.lock */ = {
			isa = PBXShellScriptBuildPhase;
			buildActionMask = 2147483647;
			files = (
			);
			inputFileListPaths = (
			);
			inputPaths = (
				"${PODS_PODFILE_DIR_PATH}/Podfile.lock",
				"${PODS_ROOT}/Manifest.lock",
			);
			name = "[CP] Check Pods Manifest.lock";
			outputFileListPaths = (
			);
			outputPaths = (
				"$(DERIVED_FILE_DIR)/Pods-TwitterClone-checkManifestLockResult.txt",
			);
			runOnlyForDeploymentPostprocessing = 0;
			shellPath = /bin/sh;
			shellScript = "diff \"${PODS_PODFILE_DIR_PATH}/Podfile.lock\" \"${PODS_ROOT}/Manifest.lock\" > /dev/null\nif [ $? != 0 ] ; then\n    # print error to STDERR\n    echo \"error: The sandbox is not in sync with the Podfile.lock. Run 'pod install' or update your CocoaPods installation.\" >&2\n    exit 1\nfi\n# This output is used by Xcode 'outputs' to avoid re-running this script phase.\necho \"SUCCESS\" > \"${SCRIPT_OUTPUT_FILE_0}\"\n";
			showEnvVarsInLog = 0;
		};
/* End PBXShellScriptBuildPhase section */

/* Begin PBXSourcesBuildPhase section */
		70FC414A253F32F8000FC661 /* Sources */ = {
			isa = PBXSourcesBuildPhase;
			buildActionMask = 2147483647;
			files = (
				70FC4156253F32F8000FC661 /* ViewController.swift in Sources */,
				70FC417D253F3FB1000FC661 /* Extensions.swift in Sources */,
				70FC4176253F3545000FC661 /* ConversationsController.swift in Sources */,
				702D310325434FDE006A4655 /* AuthService.swift in Sources */,
				70FC4179253F355B000FC661 /* NotificationsController.swift in Sources */,
				701F5C3F25441D0D0050EFEB /* TweetService.swift in Sources */,
				704EFDE625445E0800B1789F /* TimeAgo.swift in Sources */,
				70FC4152253F32F8000FC661 /* AppDelegate.swift in Sources */,
				706B6BDE2543E9B300FEAEEA /* UserService.swift in Sources */,
				70FC4170253F34FF000FC661 /* FeedController.swift in Sources */,
				706B6BE22543EB0B00FEAEEA /* UserModel.swift in Sources */,
				703BFD4F2541BDC400346F82 /* RegistrationController.swift in Sources */,
				70FC416C253F3406000FC661 /* MainTabController.swift in Sources */,
				70B4F92825447005005CE631 /* ProfileHeaderView.swift in Sources */,
				701F5C3925440AFD0050EFEB /* UploadTweetController.swift in Sources */,
				70B4F92525446D85005CE631 /* ProfileController.swift in Sources */,
				70FC4154253F32F8000FC661 /* SceneDelegate.swift in Sources */,
				70FC4173253F3533000FC661 /* ExploreController.swift in Sources */,
				701F5C422544349B0050EFEB /* TweetModel.swift in Sources */,
				701F5C3C254412ED0050EFEB /* CaptionTextView.swift in Sources */,
				701F5C4525443C460050EFEB /* TweetCell.swift in Sources */,
				709409E62540788A002EFC40 /* LoginController.swift in Sources */,
			);
			runOnlyForDeploymentPostprocessing = 0;
		};
/* End PBXSourcesBuildPhase section */

/* Begin PBXVariantGroup section */
		70FC4157253F32F8000FC661 /* Main.storyboard */ = {
			isa = PBXVariantGroup;
			children = (
				70FC4158253F32F8000FC661 /* Base */,
			);
			name = Main.storyboard;
			sourceTree = "<group>";
		};
		70FC415C253F32FB000FC661 /* LaunchScreen.storyboard */ = {
			isa = PBXVariantGroup;
			children = (
				70FC415D253F32FB000FC661 /* Base */,
			);
			name = LaunchScreen.storyboard;
			sourceTree = "<group>";
		};
/* End PBXVariantGroup section */

/* Begin XCBuildConfiguration section */
		70FC4160253F32FB000FC661 /* Debug */ = {
			isa = XCBuildConfiguration;
			buildSettings = {
				ALWAYS_SEARCH_USER_PATHS = NO;
				CLANG_ANALYZER_NONNULL = YES;
				CLANG_ANALYZER_NUMBER_OBJECT_CONVERSION = YES_AGGRESSIVE;
				CLANG_CXX_LANGUAGE_STANDARD = "gnu++14";
				CLANG_CXX_LIBRARY = "libc++";
				CLANG_ENABLE_MODULES = YES;
				CLANG_ENABLE_OBJC_ARC = YES;
				CLANG_ENABLE_OBJC_WEAK = YES;
				CLANG_WARN_BLOCK_CAPTURE_AUTORELEASING = YES;
				CLANG_WARN_BOOL_CONVERSION = YES;
				CLANG_WARN_COMMA = YES;
				CLANG_WARN_CONSTANT_CONVERSION = YES;
				CLANG_WARN_DEPRECATED_OBJC_IMPLEMENTATIONS = YES;
				CLANG_WARN_DIRECT_OBJC_ISA_USAGE = YES_ERROR;
				CLANG_WARN_DOCUMENTATION_COMMENTS = YES;
				CLANG_WARN_EMPTY_BODY = YES;
				CLANG_WARN_ENUM_CONVERSION = YES;
				CLANG_WARN_INFINITE_RECURSION = YES;
				CLANG_WARN_INT_CONVERSION = YES;
				CLANG_WARN_NON_LITERAL_NULL_CONVERSION = YES;
				CLANG_WARN_OBJC_IMPLICIT_RETAIN_SELF = YES;
				CLANG_WARN_OBJC_LITERAL_CONVERSION = YES;
				CLANG_WARN_OBJC_ROOT_CLASS = YES_ERROR;
				CLANG_WARN_QUOTED_INCLUDE_IN_FRAMEWORK_HEADER = YES;
				CLANG_WARN_RANGE_LOOP_ANALYSIS = YES;
				CLANG_WARN_STRICT_PROTOTYPES = YES;
				CLANG_WARN_SUSPICIOUS_MOVE = YES;
				CLANG_WARN_UNGUARDED_AVAILABILITY = YES_AGGRESSIVE;
				CLANG_WARN_UNREACHABLE_CODE = YES;
				CLANG_WARN__DUPLICATE_METHOD_MATCH = YES;
				COPY_PHASE_STRIP = NO;
				DEBUG_INFORMATION_FORMAT = dwarf;
				ENABLE_STRICT_OBJC_MSGSEND = YES;
				ENABLE_TESTABILITY = YES;
				GCC_C_LANGUAGE_STANDARD = gnu11;
				GCC_DYNAMIC_NO_PIC = NO;
				GCC_NO_COMMON_BLOCKS = YES;
				GCC_OPTIMIZATION_LEVEL = 0;
				GCC_PREPROCESSOR_DEFINITIONS = (
					"DEBUG=1",
					"$(inherited)",
				);
				GCC_WARN_64_TO_32_BIT_CONVERSION = YES;
				GCC_WARN_ABOUT_RETURN_TYPE = YES_ERROR;
				GCC_WARN_UNDECLARED_SELECTOR = YES;
				GCC_WARN_UNINITIALIZED_AUTOS = YES_AGGRESSIVE;
				GCC_WARN_UNUSED_FUNCTION = YES;
				GCC_WARN_UNUSED_VARIABLE = YES;
				IPHONEOS_DEPLOYMENT_TARGET = 14.0;
				MTL_ENABLE_DEBUG_INFO = INCLUDE_SOURCE;
				MTL_FAST_MATH = YES;
				ONLY_ACTIVE_ARCH = YES;
				SDKROOT = iphoneos;
				SWIFT_ACTIVE_COMPILATION_CONDITIONS = DEBUG;
				SWIFT_OPTIMIZATION_LEVEL = "-Onone";
			};
			name = Debug;
		};
		70FC4161253F32FB000FC661 /* Release */ = {
			isa = XCBuildConfiguration;
			buildSettings = {
				ALWAYS_SEARCH_USER_PATHS = NO;
				CLANG_ANALYZER_NONNULL = YES;
				CLANG_ANALYZER_NUMBER_OBJECT_CONVERSION = YES_AGGRESSIVE;
				CLANG_CXX_LANGUAGE_STANDARD = "gnu++14";
				CLANG_CXX_LIBRARY = "libc++";
				CLANG_ENABLE_MODULES = YES;
				CLANG_ENABLE_OBJC_ARC = YES;
				CLANG_ENABLE_OBJC_WEAK = YES;
				CLANG_WARN_BLOCK_CAPTURE_AUTORELEASING = YES;
				CLANG_WARN_BOOL_CONVERSION = YES;
				CLANG_WARN_COMMA = YES;
				CLANG_WARN_CONSTANT_CONVERSION = YES;
				CLANG_WARN_DEPRECATED_OBJC_IMPLEMENTATIONS = YES;
				CLANG_WARN_DIRECT_OBJC_ISA_USAGE = YES_ERROR;
				CLANG_WARN_DOCUMENTATION_COMMENTS = YES;
				CLANG_WARN_EMPTY_BODY = YES;
				CLANG_WARN_ENUM_CONVERSION = YES;
				CLANG_WARN_INFINITE_RECURSION = YES;
				CLANG_WARN_INT_CONVERSION = YES;
				CLANG_WARN_NON_LITERAL_NULL_CONVERSION = YES;
				CLANG_WARN_OBJC_IMPLICIT_RETAIN_SELF = YES;
				CLANG_WARN_OBJC_LITERAL_CONVERSION = YES;
				CLANG_WARN_OBJC_ROOT_CLASS = YES_ERROR;
				CLANG_WARN_QUOTED_INCLUDE_IN_FRAMEWORK_HEADER = YES;
				CLANG_WARN_RANGE_LOOP_ANALYSIS = YES;
				CLANG_WARN_STRICT_PROTOTYPES = YES;
				CLANG_WARN_SUSPICIOUS_MOVE = YES;
				CLANG_WARN_UNGUARDED_AVAILABILITY = YES_AGGRESSIVE;
				CLANG_WARN_UNREACHABLE_CODE = YES;
				CLANG_WARN__DUPLICATE_METHOD_MATCH = YES;
				COPY_PHASE_STRIP = NO;
				DEBUG_INFORMATION_FORMAT = "dwarf-with-dsym";
				ENABLE_NS_ASSERTIONS = NO;
				ENABLE_STRICT_OBJC_MSGSEND = YES;
				GCC_C_LANGUAGE_STANDARD = gnu11;
				GCC_NO_COMMON_BLOCKS = YES;
				GCC_WARN_64_TO_32_BIT_CONVERSION = YES;
				GCC_WARN_ABOUT_RETURN_TYPE = YES_ERROR;
				GCC_WARN_UNDECLARED_SELECTOR = YES;
				GCC_WARN_UNINITIALIZED_AUTOS = YES_AGGRESSIVE;
				GCC_WARN_UNUSED_FUNCTION = YES;
				GCC_WARN_UNUSED_VARIABLE = YES;
				IPHONEOS_DEPLOYMENT_TARGET = 14.0;
				MTL_ENABLE_DEBUG_INFO = NO;
				MTL_FAST_MATH = YES;
				SDKROOT = iphoneos;
				SWIFT_COMPILATION_MODE = wholemodule;
				SWIFT_OPTIMIZATION_LEVEL = "-O";
				VALIDATE_PRODUCT = YES;
			};
			name = Release;
		};
		70FC4163253F32FB000FC661 /* Debug */ = {
			isa = XCBuildConfiguration;
			baseConfigurationReference = 5D33D51F296CB2AEB7F5389B /* Pods-TwitterClone.debug.xcconfig */;
			buildSettings = {
				ASSETCATALOG_COMPILER_APPICON_NAME = AppIcon;
				ASSETCATALOG_COMPILER_GLOBAL_ACCENT_COLOR_NAME = AccentColor;
				CODE_SIGN_STYLE = Automatic;
				DEVELOPMENT_TEAM = YV58Q28W8Z;
				INFOPLIST_FILE = TwitterClone/Info.plist;
				LD_RUNPATH_SEARCH_PATHS = (
					"$(inherited)",
					"@executable_path/Frameworks",
				);
				PRODUCT_BUNDLE_IDENTIFIER = com.petmily.TwitterClone;
				PRODUCT_NAME = "$(TARGET_NAME)";
				SWIFT_VERSION = 5.0;
				TARGETED_DEVICE_FAMILY = "1,2";
			};
			name = Debug;
		};
		70FC4164253F32FB000FC661 /* Release */ = {
			isa = XCBuildConfiguration;
			baseConfigurationReference = 86231B4C6D39A7ABB9034DED /* Pods-TwitterClone.release.xcconfig */;
			buildSettings = {
				ASSETCATALOG_COMPILER_APPICON_NAME = AppIcon;
				ASSETCATALOG_COMPILER_GLOBAL_ACCENT_COLOR_NAME = AccentColor;
				CODE_SIGN_STYLE = Automatic;
				DEVELOPMENT_TEAM = YV58Q28W8Z;
				INFOPLIST_FILE = TwitterClone/Info.plist;
				LD_RUNPATH_SEARCH_PATHS = (
					"$(inherited)",
					"@executable_path/Frameworks",
				);
				PRODUCT_BUNDLE_IDENTIFIER = com.petmily.TwitterClone;
				PRODUCT_NAME = "$(TARGET_NAME)";
				SWIFT_VERSION = 5.0;
				TARGETED_DEVICE_FAMILY = "1,2";
			};
			name = Release;
		};
/* End XCBuildConfiguration section */

/* Begin XCConfigurationList section */
		70FC4149253F32F8000FC661 /* Build configuration list for PBXProject "TwitterClone" */ = {
			isa = XCConfigurationList;
			buildConfigurations = (
				70FC4160253F32FB000FC661 /* Debug */,
				70FC4161253F32FB000FC661 /* Release */,
			);
			defaultConfigurationIsVisible = 0;
			defaultConfigurationName = Release;
		};
		70FC4162253F32FB000FC661 /* Build configuration list for PBXNativeTarget "TwitterClone" */ = {
			isa = XCConfigurationList;
			buildConfigurations = (
				70FC4163253F32FB000FC661 /* Debug */,
				70FC4164253F32FB000FC661 /* Release */,
			);
			defaultConfigurationIsVisible = 0;
			defaultConfigurationName = Release;
		};
/* End XCConfigurationList section */
	};
	rootObject = 70FC4146253F32F8000FC661 /* Project object */;
}
